
Microsoft Visual Studio Solution File, Format Version 12.00
# Visual Studio 15
VisualStudioVersion = 15.0.28307.1209
MinimumVisualStudioVersion = 10.0.40219.1
Project("{9A19103F-16F7-4668-BE54-9A1E7A4F7556}") = "Parser", "Parser.csproj", "{308EEC70-BAD7-4F26-910B-1AE74AA4AC3D}"
EndProject
Project("{FAE04EC0-301F-11D3-BF4B-00C04F79EFBC}") = "ParserXUnitTest", "..\ParserXUnitTest\ParserXUnitTest.csproj", "{054646D8-9E34-4EF2-B154-250FEBEF0427}"
EndProject
Global
	GlobalSection(SolutionConfigurationPlatforms) = preSolution
		Debug|Any CPU = Debug|Any CPU
		Release|Any CPU = Release|Any CPU
	EndGlobalSection
	GlobalSection(ProjectConfigurationPlatforms) = postSolution
		{308EEC70-BAD7-4F26-910B-1AE74AA4AC3D}.Debug|Any CPU.ActiveCfg = Debug|Any CPU
		{308EEC70-BAD7-4F26-910B-1AE74AA4AC3D}.Debug|Any CPU.Build.0 = Debug|Any CPU
		{308EEC70-BAD7-4F26-910B-1AE74AA4AC3D}.Release|Any CPU.ActiveCfg = Release|Any CPU
		{308EEC70-BAD7-4F26-910B-1AE74AA4AC3D}.Release|Any CPU.Build.0 = Release|Any CPU
		{054646D8-9E34-4EF2-B154-250FEBEF0427}.Debug|Any CPU.ActiveCfg = Debug|Any CPU
		{054646D8-9E34-4EF2-B154-250FEBEF0427}.Debug|Any CPU.Build.0 = Debug|Any CPU
		{054646D8-9E34-4EF2-B154-250FEBEF0427}.Release|Any CPU.ActiveCfg = Release|Any CPU
		{054646D8-9E34-4EF2-B154-250FEBEF0427}.Release|Any CPU.Build.0 = Release|Any CPU
	EndGlobalSection
	GlobalSection(SolutionProperties) = preSolution
		HideSolutionNode = FALSE
	EndGlobalSection
	GlobalSection(ExtensibilityGlobals) = postSolution
		SolutionGuid = {756B82D8-578E-4BCA-8101-2D20EDB49DE2}
	EndGlobalSection
EndGlobal
